
Microsoft Visual Studio Solution File, Format Version 12.00
# Visual Studio Version 17
VisualStudioVersion = 17.0.31903.59
MinimumVisualStudioVersion = 10.0.40219.1
Project("{FAE04EC0-301F-11D3-BF4B-00C04F79EFBC}") = "StudentskaSlužba", "StudentskaSlužba\StudentskaSlužba.csproj", "{7FF377B8-6E38-4898-9F10-EA6ED070E7EC}"
EndProject
Global
	GlobalSection(SolutionConfigurationPlatforms) = preSolution
		Debug|Any CPU = Debug|Any CPU
		Release|Any CPU = Release|Any CPU
	EndGlobalSection
	GlobalSection(ProjectConfigurationPlatforms) = postSolution
		{7FF377B8-6E38-4898-9F10-EA6ED070E7EC}.Debug|Any CPU.ActiveCfg = Debug|Any CPU
		{7FF377B8-6E38-4898-9F10-EA6ED070E7EC}.Debug|Any CPU.Build.0 = Debug|Any CPU
		{7FF377B8-6E38-4898-9F10-EA6ED070E7EC}.Release|Any CPU.ActiveCfg = Release|Any CPU
		{7FF377B8-6E38-4898-9F10-EA6ED070E7EC}.Release|Any CPU.Build.0 = Release|Any CPU
	EndGlobalSection
	GlobalSection(SolutionProperties) = preSolution
		HideSolutionNode = FALSE
	EndGlobalSection
	GlobalSection(ExtensibilityGlobals) = postSolution
		SolutionGuid = {B8CF10CB-2BF3-4233-897C-C9B64FCF10F8}
	EndGlobalSection
EndGlobal
